Microsoft Visual Studio Solution File, Format Version 12.00
# Visual Studio Version 17
VisualStudioVersion = 17.5.2.0
MinimumVisualStudioVersion = 10.0.40219.1
Project("{FAE04EC0-301F-11D3-BF4B-00C04F79EFBC}") = "MyCrudApp", "MyCrudApp.csproj", "{DE60EA31-5106-854F-0182-62FB1E775FBE}"
EndProject
Project("{FAE04EC0-301F-11D3-BF4B-00C04F79EFBC}") = "MyCrudApp.Tests", "MyCrudApp.Tests\MyCrudApp.Tests.csproj", "{06D8BB14-E3AE-4ABB-BA2C-D25B5D65CF9B}"
EndProject
Global
	GlobalSection(SolutionConfigurationPlatforms) = preSolution
		Debug|Any CPU = Debug|Any CPU
		Release|Any CPU = Release|Any CPU
	EndGlobalSection
	GlobalSection(ProjectConfigurationPlatforms) = postSolution
		{DE60EA31-5106-854F-0182-62FB1E775FBE}.Debug|Any CPU.ActiveCfg = Debug|Any CPU
		{DE60EA31-5106-854F-0182-62FB1E775FBE}.Debug|Any CPU.Build.0 = Debug|Any CPU
		{DE60EA31-5106-854F-0182-62FB1E775FBE}.Release|Any CPU.ActiveCfg = Release|Any CPU
		{DE60EA31-5106-854F-0182-62FB1E775FBE}.Release|Any CPU.Build.0 = Release|Any CPU
		{06D8BB14-E3AE-4ABB-BA2C-D25B5D65CF9B}.Debug|Any CPU.ActiveCfg = Debug|Any CPU
		{06D8BB14-E3AE-4ABB-BA2C-D25B5D65CF9B}.Debug|Any CPU.Build.0 = Debug|Any CPU
		{06D8BB14-E3AE-4ABB-BA2C-D25B5D65CF9B}.Release|Any CPU.ActiveCfg = Release|Any CPU
		{06D8BB14-E3AE-4ABB-BA2C-D25B5D65CF9B}.Release|Any CPU.Build.0 = Release|Any CPU
	EndGlobalSection
	GlobalSection(SolutionProperties) = preSolution
		HideSolutionNode = FALSE
	EndGlobalSection
	GlobalSection(ExtensibilityGlobals) = postSolution
		SolutionGuid = {84A22749-C9EC-4D63-8770-144E70857455}
	EndGlobalSection
EndGlobal
