
Microsoft Visual Studio Solution File, Format Version 12.00
# Visual Studio Version 17
VisualStudioVersion = 17.5.2.0
MinimumVisualStudioVersion = 10.0.40219.1
Project("{9A19103F-16F7-4668-BE54-9A1E7A4F7556}") = "MyCrudApp.Tests", "MyCrudApp.Tests\MyCrudApp.Tests.csproj", "{06D8BB14-E3AE-4ABB-BA2C-D25B5D65CF9B}"
EndProject
Project("{9A19103F-16F7-4668-BE54-9A1E7A4F7556}") = "MyCrudApp", "MyCrudApp\MyCrudApp.csproj", "{191360C1-F0C8-4F4E-A9EB-2BA789A86BCD}"
EndProject
Global
	GlobalSection(SolutionConfigurationPlatforms) = preSolution
		Debug|Any CPU = Debug|Any CPU
		Release|Any CPU = Release|Any CPU
	EndGlobalSection
	GlobalSection(ProjectConfigurationPlatforms) = postSolution
		{06D8BB14-E3AE-4ABB-BA2C-D25B5D65CF9B}.Debug|Any CPU.ActiveCfg = Debug|Any CPU
		{06D8BB14-E3AE-4ABB-BA2C-D25B5D65CF9B}.Debug|Any CPU.Build.0 = Debug|Any CPU
		{06D8BB14-E3AE-4ABB-BA2C-D25B5D65CF9B}.Release|Any CPU.ActiveCfg = Release|Any CPU
		{06D8BB14-E3AE-4ABB-BA2C-D25B5D65CF9B}.Release|Any CPU.Build.0 = Release|Any CPU
		{191360C1-F0C8-4F4E-A9EB-2BA789A86BCD}.Debug|Any CPU.ActiveCfg = Debug|Any CPU
		{191360C1-F0C8-4F4E-A9EB-2BA789A86BCD}.Debug|Any CPU.Build.0 = Debug|Any CPU
		{191360C1-F0C8-4F4E-A9EB-2BA789A86BCD}.Release|Any CPU.ActiveCfg = Release|Any CPU
		{191360C1-F0C8-4F4E-A9EB-2BA789A86BCD}.Release|Any CPU.Build.0 = Release|Any CPU
	EndGlobalSection
	GlobalSection(SolutionProperties) = preSolution
		HideSolutionNode = FALSE
	EndGlobalSection
	GlobalSection(ExtensibilityGlobals) = postSolution
		SolutionGuid = {84A22749-C9EC-4D63-8770-144E70857455}
	EndGlobalSection
EndGlobal
